
Microsoft Visual Studio Solution File, Format Version 12.00
# Visual Studio Version 16
VisualStudioVersion = 16.0.29613.14
MinimumVisualStudioVersion = 10.0.40219.1
Project("{FAE04EC0-301F-11D3-BF4B-00C04F79EFBC}") = "yens_algorithm", "yens_algorithm.csproj", "{B497FDEB-3B04-42A3-95E7-D2DCFCAE5527}"
EndProject
Global
	GlobalSection(SolutionConfigurationPlatforms) = preSolution
		Debug|Any CPU = Debug|Any CPU
		Release|Any CPU = Release|Any CPU
	EndGlobalSection
	GlobalSection(ProjectConfigurationPlatforms) = postSolution
		{B497FDEB-3B04-42A3-95E7-D2DCFCAE5527}.Debug|Any CPU.ActiveCfg = Debug|Any CPU
		{B497FDEB-3B04-42A3-95E7-D2DCFCAE5527}.Debug|Any CPU.Build.0 = Debug|Any CPU
		{B497FDEB-3B04-42A3-95E7-D2DCFCAE5527}.Release|Any CPU.ActiveCfg = Release|Any CPU
		{B497FDEB-3B04-42A3-95E7-D2DCFCAE5527}.Release|Any CPU.Build.0 = Release|Any CPU
	EndGlobalSection
	GlobalSection(SolutionProperties) = preSolution
		HideSolutionNode = FALSE
	EndGlobalSection
	GlobalSection(ExtensibilityGlobals) = postSolution
		SolutionGuid = {EF6C9EF7-CC48-48B3-A62C-64ADBC646218}
	EndGlobalSection
EndGlobal
